
Microsoft Visual Studio Solution File, Format Version 12.00
# Visual Studio Version 17
VisualStudioVersion = 17.4.33122.133
MinimumVisualStudioVersion = 10.0.40219.1
Project("{9A19103F-16F7-4668-BE54-9A1E7A4F7556}") = "AccessModify", "AccessModify\AccessModify.csproj", "{308A66EC-605B-4214-BDFD-1E75E966505D}"
EndProject
Project("{9A19103F-16F7-4668-BE54-9A1E7A4F7556}") = "ServiceLayer", "ServiceLayer\ServiceLayer.csproj", "{F44A567B-44A8-4380-B955-B22335B05348}"
EndProject
Project("{FAE04EC0-301F-11D3-BF4B-00C04F79EFBC}") = "ServiceLayer2", "ServiceLayer2\ServiceLayer2.csproj", "{BBB629C9-3C04-4837-BD55-47BB0E2E43C3}"
EndProject
Global
	GlobalSection(SolutionConfigurationPlatforms) = preSolution
		Debug|Any CPU = Debug|Any CPU
		Release|Any CPU = Release|Any CPU
	EndGlobalSection
	GlobalSection(ProjectConfigurationPlatforms) = postSolution
		{308A66EC-605B-4214-BDFD-1E75E966505D}.Debug|Any CPU.ActiveCfg = Debug|Any CPU
		{308A66EC-605B-4214-BDFD-1E75E966505D}.Debug|Any CPU.Build.0 = Debug|Any CPU
		{308A66EC-605B-4214-BDFD-1E75E966505D}.Release|Any CPU.ActiveCfg = Release|Any CPU
		{308A66EC-605B-4214-BDFD-1E75E966505D}.Release|Any CPU.Build.0 = Release|Any CPU
		{F44A567B-44A8-4380-B955-B22335B05348}.Debug|Any CPU.ActiveCfg = Debug|Any CPU
		{F44A567B-44A8-4380-B955-B22335B05348}.Debug|Any CPU.Build.0 = Debug|Any CPU
		{F44A567B-44A8-4380-B955-B22335B05348}.Release|Any CPU.ActiveCfg = Release|Any CPU
		{F44A567B-44A8-4380-B955-B22335B05348}.Release|Any CPU.Build.0 = Release|Any CPU
		{BBB629C9-3C04-4837-BD55-47BB0E2E43C3}.Debug|Any CPU.ActiveCfg = Debug|Any CPU
		{BBB629C9-3C04-4837-BD55-47BB0E2E43C3}.Debug|Any CPU.Build.0 = Debug|Any CPU
		{BBB629C9-3C04-4837-BD55-47BB0E2E43C3}.Release|Any CPU.ActiveCfg = Release|Any CPU
		{BBB629C9-3C04-4837-BD55-47BB0E2E43C3}.Release|Any CPU.Build.0 = Release|Any CPU
	EndGlobalSection
	GlobalSection(SolutionProperties) = preSolution
		HideSolutionNode = FALSE
	EndGlobalSection
	GlobalSection(ExtensibilityGlobals) = postSolution
		SolutionGuid = {7E60B7AD-63FA-455F-938F-56A37A0836E0}
	EndGlobalSection
EndGlobal
